// !$*UTF8*$!
{
	archiveVersion = 1;
	classes = {
	};
	objectVersion = 56;
	objects = {

/* Begin PBXBuildFile section */
		7F00F4F229C05EF300337091 /* ArtistDetailViewModel.swift in Sources */ = {isa = PBXBuildFile; fileRef = 7F00F4F129C05EF300337091 /* ArtistDetailViewModel.swift */; };
		7F0444F929BB3310008B2E05 /* ArtistDetailViewController.swift in Sources */ = {isa = PBXBuildFile; fileRef = 7F0444F729BB3310008B2E05 /* ArtistDetailViewController.swift */; };
		7F1E2B4B29C0811500813256 /* ArtistDetailViewController.xib in Resources */ = {isa = PBXBuildFile; fileRef = 7F1E2B4A29C0811500813256 /* ArtistDetailViewController.xib */; };
		7F2841F429A61CA3004AFA0D /* AppDelegate.swift in Sources */ = {isa = PBXBuildFile; fileRef = 7F2841F329A61CA3004AFA0D /* AppDelegate.swift */; };
		7F2841F629A61CA3004AFA0D /* SceneDelegate.swift in Sources */ = {isa = PBXBuildFile; fileRef = 7F2841F529A61CA3004AFA0D /* SceneDelegate.swift */; };
		7F2841FD29A61CA5004AFA0D /* Assets.xcassets in Resources */ = {isa = PBXBuildFile; fileRef = 7F2841FC29A61CA5004AFA0D /* Assets.xcassets */; };
		7F28420029A61CA5004AFA0D /* LaunchScreen.storyboard in Resources */ = {isa = PBXBuildFile; fileRef = 7F2841FE29A61CA5004AFA0D /* LaunchScreen.storyboard */; };
		7F28420B29A61CA5004AFA0D /* PruebaItunesTests.swift in Sources */ = {isa = PBXBuildFile; fileRef = 7F28420A29A61CA5004AFA0D /* PruebaItunesTests.swift */; };
		7F28421529A61CA5004AFA0D /* PruebaItunesUITests.swift in Sources */ = {isa = PBXBuildFile; fileRef = 7F28421429A61CA5004AFA0D /* PruebaItunesUITests.swift */; };
		7F28421729A61CA5004AFA0D /* PruebaItunesUITestsLaunchTests.swift in Sources */ = {isa = PBXBuildFile; fileRef = 7F28421629A61CA5004AFA0D /* PruebaItunesUITestsLaunchTests.swift */; };
		7F2B64B129A7529C001DF58A /* ArtistListViewController.swift in Sources */ = {isa = PBXBuildFile; fileRef = 7F2B64AF29A7529C001DF58A /* ArtistListViewController.swift */; };
		7F47DAA829B5F12500364F00 /* ArtistView.xib in Resources */ = {isa = PBXBuildFile; fileRef = 7F47DAA729B5F12500364F00 /* ArtistView.xib */; };
		7F47DAAB29B8894700364F00 /* ITunesAlbumModel.swift in Sources */ = {isa = PBXBuildFile; fileRef = 7F47DAAA29B8894700364F00 /* ITunesAlbumModel.swift */; };
		7F47DAAD29B88CB600364F00 /* AlbumModel.swift in Sources */ = {isa = PBXBuildFile; fileRef = 7F47DAAC29B88CB600364F00 /* AlbumModel.swift */; };
		7FA80BD529C1C53E0008322E /* ArtistListViewController.xib in Resources */ = {isa = PBXBuildFile; fileRef = 7FA80BD429C1C53E0008322E /* ArtistListViewController.xib */; };
		7FBC437D29A76D0000FD0D3D /* ArtistViewCell.swift in Sources */ = {isa = PBXBuildFile; fileRef = 7FBC437B29A76D0000FD0D3D /* ArtistViewCell.swift */; };
		7FBC438229A8A79800FD0D3D /* ArtistModel.swift in Sources */ = {isa = PBXBuildFile; fileRef = 7FBC438129A8A79800FD0D3D /* ArtistModel.swift */; };
		7FBC438629A8D67E00FD0D3D /* ITunesArtistModel.swift in Sources */ = {isa = PBXBuildFile; fileRef = 7FBC438529A8D67E00FD0D3D /* ITunesArtistModel.swift */; };
		7FDB2AFD29CC5734005CCB47 /* DownloadClient.swift in Sources */ = {isa = PBXBuildFile; fileRef = 7FDB2AFC29CC5734005CCB47 /* DownloadClient.swift */; };
		7FDB2B0329CDBB54005CCB47 /* AppDependencies.swift in Sources */ = {isa = PBXBuildFile; fileRef = 7FDB2B0229CDBB54005CCB47 /* AppDependencies.swift */; };
		7FE221FB29E697CD0042E2E2 /* Bindable.swift in Sources */ = {isa = PBXBuildFile; fileRef = 7FE221FA29E697CD0042E2E2 /* Bindable.swift */; };
		7FF5A0CB29BB4EE800A26D45 /* AlbumViewCell.swift in Sources */ = {isa = PBXBuildFile; fileRef = 7FF5A0C929BB4EE800A26D45 /* AlbumViewCell.swift */; };
		7FF5A0CC29BB4EE800A26D45 /* AlbumView.xib in Resources */ = {isa = PBXBuildFile; fileRef = 7FF5A0CA29BB4EE800A26D45 /* AlbumView.xib */; };
		7FF60C1D29CAE990008823D4 /* ArtistListPresenter.swift in Sources */ = {isa = PBXBuildFile; fileRef = 7FF60C1C29CAE990008823D4 /* ArtistListPresenter.swift */; };
/* End PBXBuildFile section */

/* Begin PBXContainerItemProxy section */
		7F28420729A61CA5004AFA0D /* PBXContainerItemProxy */ = {
			isa = PBXContainerItemProxy;
			containerPortal = 7F2841E829A61CA3004AFA0D /* Project object */;
			proxyType = 1;
			remoteGlobalIDString = 7F2841EF29A61CA3004AFA0D;
			remoteInfo = PruebaItunes;
		};
		7F28421129A61CA5004AFA0D /* PBXContainerItemProxy */ = {
			isa = PBXContainerItemProxy;
			containerPortal = 7F2841E829A61CA3004AFA0D /* Project object */;
			proxyType = 1;
			remoteGlobalIDString = 7F2841EF29A61CA3004AFA0D;
			remoteInfo = PruebaItunes;
		};
/* End PBXContainerItemProxy section */

/* Begin PBXFileReference section */
		7F00F4F129C05EF300337091 /* ArtistDetailViewModel.swift */ = {isa = PBXFileReference; lastKnownFileType = sourcecode.swift; path = ArtistDetailViewModel.swift; sourceTree = "<group>"; };
		7F0444F729BB3310008B2E05 /* ArtistDetailViewController.swift */ = {isa = PBXFileReference; lastKnownFileType = sourcecode.swift; path = ArtistDetailViewController.swift; sourceTree = "<group>"; };
		7F1E2B4A29C0811500813256 /* ArtistDetailViewController.xib */ = {isa = PBXFileReference; fileEncoding = 4; lastKnownFileType = file.xib; path = ArtistDetailViewController.xib; sourceTree = "<group>"; };
		7F2841F029A61CA3004AFA0D /* PruebaItunes.app */ = {isa = PBXFileReference; explicitFileType = wrapper.application; includeInIndex = 0; path = PruebaItunes.app; sourceTree = BUILT_PRODUCTS_DIR; };
		7F2841F329A61CA3004AFA0D /* AppDelegate.swift */ = {isa = PBXFileReference; lastKnownFileType = sourcecode.swift; path = AppDelegate.swift; sourceTree = "<group>"; };
		7F2841F529A61CA3004AFA0D /* SceneDelegate.swift */ = {isa = PBXFileReference; lastKnownFileType = sourcecode.swift; path = SceneDelegate.swift; sourceTree = "<group>"; };
		7F2841FC29A61CA5004AFA0D /* Assets.xcassets */ = {isa = PBXFileReference; lastKnownFileType = folder.assetcatalog; path = Assets.xcassets; sourceTree = "<group>"; };
		7F2841FF29A61CA5004AFA0D /* Base */ = {isa = PBXFileReference; lastKnownFileType = file.storyboard; name = Base; path = Base.lproj/LaunchScreen.storyboard; sourceTree = "<group>"; };
		7F28420129A61CA5004AFA0D /* Info.plist */ = {isa = PBXFileReference; lastKnownFileType = text.plist.xml; path = Info.plist; sourceTree = "<group>"; };
		7F28420629A61CA5004AFA0D /* PruebaItunesTests.xctest */ = {isa = PBXFileReference; explicitFileType = wrapper.cfbundle; includeInIndex = 0; path = PruebaItunesTests.xctest; sourceTree = BUILT_PRODUCTS_DIR; };
		7F28420A29A61CA5004AFA0D /* PruebaItunesTests.swift */ = {isa = PBXFileReference; lastKnownFileType = sourcecode.swift; path = PruebaItunesTests.swift; sourceTree = "<group>"; };
		7F28421029A61CA5004AFA0D /* PruebaItunesUITests.xctest */ = {isa = PBXFileReference; explicitFileType = wrapper.cfbundle; includeInIndex = 0; path = PruebaItunesUITests.xctest; sourceTree = BUILT_PRODUCTS_DIR; };
		7F28421429A61CA5004AFA0D /* PruebaItunesUITests.swift */ = {isa = PBXFileReference; lastKnownFileType = sourcecode.swift; path = PruebaItunesUITests.swift; sourceTree = "<group>"; };
		7F28421629A61CA5004AFA0D /* PruebaItunesUITestsLaunchTests.swift */ = {isa = PBXFileReference; lastKnownFileType = sourcecode.swift; path = PruebaItunesUITestsLaunchTests.swift; sourceTree = "<group>"; };
		7F2B64AF29A7529C001DF58A /* ArtistListViewController.swift */ = {isa = PBXFileReference; lastKnownFileType = sourcecode.swift; path = ArtistListViewController.swift; sourceTree = "<group>"; };
		7F47DAA729B5F12500364F00 /* ArtistView.xib */ = {isa = PBXFileReference; fileEncoding = 4; lastKnownFileType = file.xib; path = ArtistView.xib; sourceTree = "<group>"; };
		7F47DAAA29B8894700364F00 /* ITunesAlbumModel.swift */ = {isa = PBXFileReference; lastKnownFileType = sourcecode.swift; path = ITunesAlbumModel.swift; sourceTree = "<group>"; };
		7F47DAAC29B88CB600364F00 /* AlbumModel.swift */ = {isa = PBXFileReference; lastKnownFileType = sourcecode.swift; path = AlbumModel.swift; sourceTree = "<group>"; };
		7FA80BD429C1C53E0008322E /* ArtistListViewController.xib */ = {isa = PBXFileReference; fileEncoding = 4; lastKnownFileType = file.xib; path = ArtistListViewController.xib; sourceTree = "<group>"; };
		7FBC437B29A76D0000FD0D3D /* ArtistViewCell.swift */ = {isa = PBXFileReference; lastKnownFileType = sourcecode.swift; path = ArtistViewCell.swift; sourceTree = "<group>"; };
		7FBC438129A8A79800FD0D3D /* ArtistModel.swift */ = {isa = PBXFileReference; lastKnownFileType = sourcecode.swift; path = ArtistModel.swift; sourceTree = "<group>"; };
		7FBC438529A8D67E00FD0D3D /* ITunesArtistModel.swift */ = {isa = PBXFileReference; lastKnownFileType = sourcecode.swift; path = ITunesArtistModel.swift; sourceTree = "<group>"; };
		7FDB2AFC29CC5734005CCB47 /* DownloadClient.swift */ = {isa = PBXFileReference; lastKnownFileType = sourcecode.swift; path = DownloadClient.swift; sourceTree = "<group>"; };
		7FDB2B0229CDBB54005CCB47 /* AppDependencies.swift */ = {isa = PBXFileReference; lastKnownFileType = sourcecode.swift; path = AppDependencies.swift; sourceTree = "<group>"; };
		7FE221FA29E697CD0042E2E2 /* Bindable.swift */ = {isa = PBXFileReference; lastKnownFileType = sourcecode.swift; path = Bindable.swift; sourceTree = "<group>"; };
		7FF5A0C929BB4EE800A26D45 /* AlbumViewCell.swift */ = {isa = PBXFileReference; lastKnownFileType = sourcecode.swift; path = AlbumViewCell.swift; sourceTree = "<group>"; };
		7FF5A0CA29BB4EE800A26D45 /* AlbumView.xib */ = {isa = PBXFileReference; lastKnownFileType = file.xib; path = AlbumView.xib; sourceTree = "<group>"; };
		7FF60C1C29CAE990008823D4 /* ArtistListPresenter.swift */ = {isa = PBXFileReference; lastKnownFileType = sourcecode.swift; path = ArtistListPresenter.swift; sourceTree = "<group>"; };
/* End PBXFileReference section */

/* Begin PBXFrameworksBuildPhase section */
		7F2841ED29A61CA3004AFA0D /* Frameworks */ = {
			isa = PBXFrameworksBuildPhase;
			buildActionMask = 2147483647;
			files = (
			);
			runOnlyForDeploymentPostprocessing = 0;
		};
		7F28420329A61CA5004AFA0D /* Frameworks */ = {
			isa = PBXFrameworksBuildPhase;
			buildActionMask = 2147483647;
			files = (
			);
			runOnlyForDeploymentPostprocessing = 0;
		};
		7F28420D29A61CA5004AFA0D /* Frameworks */ = {
			isa = PBXFrameworksBuildPhase;
			buildActionMask = 2147483647;
			files = (
			);
			runOnlyForDeploymentPostprocessing = 0;
		};
/* End PBXFrameworksBuildPhase section */

/* Begin PBXGroup section */
		7F00F4FE29C0802800337091 /* View */ = {
			isa = PBXGroup;
			children = (
				7F0444F729BB3310008B2E05 /* ArtistDetailViewController.swift */,
				7F1E2B4A29C0811500813256 /* ArtistDetailViewController.xib */,
			);
			path = View;
			sourceTree = "<group>";
		};
		7F00F4FF29C0802D00337091 /* Model */ = {
			isa = PBXGroup;
			children = (
				7F47DAAA29B8894700364F00 /* ITunesAlbumModel.swift */,
				7F47DAAC29B88CB600364F00 /* AlbumModel.swift */,
			);
			path = Model;
			sourceTree = "<group>";
		};
		7F00F50029C0803800337091 /* ViewModel */ = {
			isa = PBXGroup;
			children = (
				7F00F4F129C05EF300337091 /* ArtistDetailViewModel.swift */,
			);
			path = ViewModel;
			sourceTree = "<group>";
		};
		7F0444EC29BA01B8008B2E05 /* ViewComponents */ = {
			isa = PBXGroup;
			children = (
				7FF5A0C929BB4EE800A26D45 /* AlbumViewCell.swift */,
				7FF5A0CA29BB4EE800A26D45 /* AlbumView.xib */,
			);
			path = ViewComponents;
			sourceTree = "<group>";
		};
		7F2841E729A61CA3004AFA0D = {
			isa = PBXGroup;
			children = (
				7F2841F229A61CA3004AFA0D /* PruebaItunes */,
				7F28420929A61CA5004AFA0D /* PruebaItunesTests */,
				7F28421329A61CA5004AFA0D /* PruebaItunesUITests */,
				7F2841F129A61CA3004AFA0D /* Products */,
			);
			sourceTree = "<group>";
		};
		7F2841F129A61CA3004AFA0D /* Products */ = {
			isa = PBXGroup;
			children = (
				7F2841F029A61CA3004AFA0D /* PruebaItunes.app */,
				7F28420629A61CA5004AFA0D /* PruebaItunesTests.xctest */,
				7F28421029A61CA5004AFA0D /* PruebaItunesUITests.xctest */,
			);
			name = Products;
			sourceTree = "<group>";
		};
		7F2841F229A61CA3004AFA0D /* PruebaItunes */ = {
			isa = PBXGroup;
			children = (
				7F2841F329A61CA3004AFA0D /* AppDelegate.swift */,
				7F2841F529A61CA3004AFA0D /* SceneDelegate.swift */,
				7FF60C1E29CB04E7008823D4 /* ITunes */,
				7F6C58B229B5EDFC00C7AEB2 /* ArtistList */,
				7F47DAA929B5F35300364F00 /* ArtistDetail */,
				7F2841FC29A61CA5004AFA0D /* Assets.xcassets */,
				7F2841FE29A61CA5004AFA0D /* LaunchScreen.storyboard */,
				7F28420129A61CA5004AFA0D /* Info.plist */,
			);
			path = PruebaItunes;
			sourceTree = "<group>";
		};
		7F28420929A61CA5004AFA0D /* PruebaItunesTests */ = {
			isa = PBXGroup;
			children = (
				7F28420A29A61CA5004AFA0D /* PruebaItunesTests.swift */,
			);
			path = PruebaItunesTests;
			sourceTree = "<group>";
		};
		7F28421329A61CA5004AFA0D /* PruebaItunesUITests */ = {
			isa = PBXGroup;
			children = (
				7F28421429A61CA5004AFA0D /* PruebaItunesUITests.swift */,
				7F28421629A61CA5004AFA0D /* PruebaItunesUITestsLaunchTests.swift */,
			);
			path = PruebaItunesUITests;
			sourceTree = "<group>";
		};
		7F47DAA929B5F35300364F00 /* ArtistDetail */ = {
			isa = PBXGroup;
			children = (
				7FE221F929E697AA0042E2E2 /* Binding */,
				7F00F4FF29C0802D00337091 /* Model */,
				7F00F4FE29C0802800337091 /* View */,
				7F00F50029C0803800337091 /* ViewModel */,
				7F0444EC29BA01B8008B2E05 /* ViewComponents */,
			);
			path = ArtistDetail;
			sourceTree = "<group>";
		};
		7F6C58B229B5EDFC00C7AEB2 /* ArtistList */ = {
			isa = PBXGroup;
			children = (
				7FECE6D829C1C51200D5CCF2 /* Model */,
				7FECE6D729C1C50A00D5CCF2 /* View */,
				7FECE6D929C1C51800D5CCF2 /* Presenter */,
				7FC10D0429B5F0F1006C0B2E /* ViewComponents */,
			);
			path = ArtistList;
			sourceTree = "<group>";
		};
		7FC10D0429B5F0F1006C0B2E /* ViewComponents */ = {
			isa = PBXGroup;
			children = (
				7FBC437B29A76D0000FD0D3D /* ArtistViewCell.swift */,
				7F47DAA729B5F12500364F00 /* ArtistView.xib */,
			);
			path = ViewComponents;
			sourceTree = "<group>";
		};
		7FE221F929E697AA0042E2E2 /* Binding */ = {
			isa = PBXGroup;
			children = (
				7FE221FA29E697CD0042E2E2 /* Bindable.swift */,
			);
			path = Binding;
			sourceTree = "<group>";
		};
		7FECE6D729C1C50A00D5CCF2 /* View */ = {
			isa = PBXGroup;
			children = (
				7F2B64AF29A7529C001DF58A /* ArtistListViewController.swift */,
				7FA80BD429C1C53E0008322E /* ArtistListViewController.xib */,
			);
			path = View;
			sourceTree = "<group>";
		};
		7FECE6D829C1C51200D5CCF2 /* Model */ = {
			isa = PBXGroup;
			children = (
				7FBC438129A8A79800FD0D3D /* ArtistModel.swift */,
				7FBC438529A8D67E00FD0D3D /* ITunesArtistModel.swift */,
			);
			path = Model;
			sourceTree = "<group>";
		};
		7FECE6D929C1C51800D5CCF2 /* Presenter */ = {
			isa = PBXGroup;
			children = (
				7FF60C1C29CAE990008823D4 /* ArtistListPresenter.swift */,
			);
			path = Presenter;
			sourceTree = "<group>";
		};
		7FF60C1E29CB04E7008823D4 /* ITunes */ = {
			isa = PBXGroup;
			children = (
				7FDB2AFC29CC5734005CCB47 /* DownloadClient.swift */,
				7FDB2B0229CDBB54005CCB47 /* AppDependencies.swift */,
			);
			path = ITunes;
			sourceTree = "<group>";
		};
/* End PBXGroup section */

/* Begin PBXNativeTarget section */
		7F2841EF29A61CA3004AFA0D /* PruebaItunes */ = {
			isa = PBXNativeTarget;
			buildConfigurationList = 7F28421A29A61CA5004AFA0D /* Build configuration list for PBXNativeTarget "PruebaItunes" */;
			buildPhases = (
				7F2841EC29A61CA3004AFA0D /* Sources */,
				7F2841ED29A61CA3004AFA0D /* Frameworks */,
				7F2841EE29A61CA3004AFA0D /* Resources */,
			);
			buildRules = (
			);
			dependencies = (
			);
			name = PruebaItunes;
			productName = PruebaItunes;
			productReference = 7F2841F029A61CA3004AFA0D /* PruebaItunes.app */;
			productType = "com.apple.product-type.application";
		};
		7F28420529A61CA5004AFA0D /* PruebaItunesTests */ = {
			isa = PBXNativeTarget;
			buildConfigurationList = 7F28421D29A61CA5004AFA0D /* Build configuration list for PBXNativeTarget "PruebaItunesTests" */;
			buildPhases = (
				7F28420229A61CA5004AFA0D /* Sources */,
				7F28420329A61CA5004AFA0D /* Frameworks */,
				7F28420429A61CA5004AFA0D /* Resources */,
			);
			buildRules = (
			);
			dependencies = (
				7F28420829A61CA5004AFA0D /* PBXTargetDependency */,
			);
			name = PruebaItunesTests;
			productName = PruebaItunesTests;
			productReference = 7F28420629A61CA5004AFA0D /* PruebaItunesTests.xctest */;
			productType = "com.apple.product-type.bundle.unit-test";
		};
		7F28420F29A61CA5004AFA0D /* PruebaItunesUITests */ = {
			isa = PBXNativeTarget;
			buildConfigurationList = 7F28422029A61CA5004AFA0D /* Build configuration list for PBXNativeTarget "PruebaItunesUITests" */;
			buildPhases = (
				7F28420C29A61CA5004AFA0D /* Sources */,
				7F28420D29A61CA5004AFA0D /* Frameworks */,
				7F28420E29A61CA5004AFA0D /* Resources */,
			);
			buildRules = (
			);
			dependencies = (
				7F28421229A61CA5004AFA0D /* PBXTargetDependency */,
			);
			name = PruebaItunesUITests;
			productName = PruebaItunesUITests;
			productReference = 7F28421029A61CA5004AFA0D /* PruebaItunesUITests.xctest */;
			productType = "com.apple.product-type.bundle.ui-testing";
		};
/* End PBXNativeTarget section */

/* Begin PBXProject section */
		7F2841E829A61CA3004AFA0D /* Project object */ = {
			isa = PBXProject;
			attributes = {
				BuildIndependentTargetsInParallel = 1;
				LastSwiftUpdateCheck = 1420;
				LastUpgradeCheck = 1420;
				TargetAttributes = {
					7F2841EF29A61CA3004AFA0D = {
						CreatedOnToolsVersion = 14.2;
					};
					7F28420529A61CA5004AFA0D = {
						CreatedOnToolsVersion = 14.2;
						TestTargetID = 7F2841EF29A61CA3004AFA0D;
					};
					7F28420F29A61CA5004AFA0D = {
						CreatedOnToolsVersion = 14.2;
						TestTargetID = 7F2841EF29A61CA3004AFA0D;
					};
				};
			};
			buildConfigurationList = 7F2841EB29A61CA3004AFA0D /* Build configuration list for PBXProject "PruebaItunes" */;
			compatibilityVersion = "Xcode 14.0";
			developmentRegion = en;
			hasScannedForEncodings = 0;
			knownRegions = (
				en,
				Base,
			);
			mainGroup = 7F2841E729A61CA3004AFA0D;
			productRefGroup = 7F2841F129A61CA3004AFA0D /* Products */;
			projectDirPath = "";
			projectRoot = "";
			targets = (
				7F2841EF29A61CA3004AFA0D /* PruebaItunes */,
				7F28420529A61CA5004AFA0D /* PruebaItunesTests */,
				7F28420F29A61CA5004AFA0D /* PruebaItunesUITests */,
			);
		};
/* End PBXProject section */

/* Begin PBXResourcesBuildPhase section */
		7F2841EE29A61CA3004AFA0D /* Resources */ = {
			isa = PBXResourcesBuildPhase;
			buildActionMask = 2147483647;
			files = (
				7F28420029A61CA5004AFA0D /* LaunchScreen.storyboard in Resources */,
				7F2841FD29A61CA5004AFA0D /* Assets.xcassets in Resources */,
				7FF5A0CC29BB4EE800A26D45 /* AlbumView.xib in Resources */,
				7F47DAA829B5F12500364F00 /* ArtistView.xib in Resources */,
				7F1E2B4B29C0811500813256 /* ArtistDetailViewController.xib in Resources */,
				7FA80BD529C1C53E0008322E /* ArtistListViewController.xib in Resources */,
			);
			runOnlyForDeploymentPostprocessing = 0;
		};
		7F28420429A61CA5004AFA0D /* Resources */ = {
			isa = PBXResourcesBuildPhase;
			buildActionMask = 2147483647;
			files = (
			);
			runOnlyForDeploymentPostprocessing = 0;
		};
		7F28420E29A61CA5004AFA0D /* Resources */ = {
			isa = PBXResourcesBuildPhase;
			buildActionMask = 2147483647;
			files = (
			);
			runOnlyForDeploymentPostprocessing = 0;
		};
/* End PBXResourcesBuildPhase section */

/* Begin PBXSourcesBuildPhase section */
		7F2841EC29A61CA3004AFA0D /* Sources */ = {
			isa = PBXSourcesBuildPhase;
			buildActionMask = 2147483647;
			files = (
				7FF5A0CB29BB4EE800A26D45 /* AlbumViewCell.swift in Sources */,
				7F47DAAD29B88CB600364F00 /* AlbumModel.swift in Sources */,
				7FDB2B0329CDBB54005CCB47 /* AppDependencies.swift in Sources */,
				7F2841F429A61CA3004AFA0D /* AppDelegate.swift in Sources */,
				7FE221FB29E697CD0042E2E2 /* Bindable.swift in Sources */,
				7FF60C1D29CAE990008823D4 /* ArtistListPresenter.swift in Sources */,
				7F00F4F229C05EF300337091 /* ArtistDetailViewModel.swift in Sources */,
				7F0444F929BB3310008B2E05 /* ArtistDetailViewController.swift in Sources */,
				7F2841F629A61CA3004AFA0D /* SceneDelegate.swift in Sources */,
				7FDB2AFD29CC5734005CCB47 /* DownloadClient.swift in Sources */,
				7FBC438629A8D67E00FD0D3D /* ITunesArtistModel.swift in Sources */,
				7F47DAAB29B8894700364F00 /* ITunesAlbumModel.swift in Sources */,
				7FBC438229A8A79800FD0D3D /* ArtistModel.swift in Sources */,
				7FBC437D29A76D0000FD0D3D /* ArtistViewCell.swift in Sources */,
				7F2B64B129A7529C001DF58A /* ArtistListViewController.swift in Sources */,
			);
			runOnlyForDeploymentPostprocessing = 0;
		};
		7F28420229A61CA5004AFA0D /* Sources */ = {
			isa = PBXSourcesBuildPhase;
			buildActionMask = 2147483647;
			files = (
				7F28420B29A61CA5004AFA0D /* PruebaItunesTests.swift in Sources */,
			);
			runOnlyForDeploymentPostprocessing = 0;
		};
		7F28420C29A61CA5004AFA0D /* Sources */ = {
			isa = PBXSourcesBuildPhase;
			buildActionMask = 2147483647;
			files = (
				7F28421529A61CA5004AFA0D /* PruebaItunesUITests.swift in Sources */,
				7F28421729A61CA5004AFA0D /* PruebaItunesUITestsLaunchTests.swift in Sources */,
			);
			runOnlyForDeploymentPostprocessing = 0;
		};
/* End PBXSourcesBuildPhase section */

/* Begin PBXTargetDependency section */
		7F28420829A61CA5004AFA0D /* PBXTargetDependency */ = {
			isa = PBXTargetDependency;
			target = 7F2841EF29A61CA3004AFA0D /* PruebaItunes */;
			targetProxy = 7F28420729A61CA5004AFA0D /* PBXContainerItemProxy */;
		};
		7F28421229A61CA5004AFA0D /* PBXTargetDependency */ = {
			isa = PBXTargetDependency;
			target = 7F2841EF29A61CA3004AFA0D /* PruebaItunes */;
			targetProxy = 7F28421129A61CA5004AFA0D /* PBXContainerItemProxy */;
		};
/* End PBXTargetDependency section */

/* Begin PBXVariantGroup section */
		7F2841FE29A61CA5004AFA0D /* LaunchScreen.storyboard */ = {
			isa = PBXVariantGroup;
			children = (
				7F2841FF29A61CA5004AFA0D /* Base */,
			);
			name = LaunchScreen.storyboard;
			sourceTree = "<group>";
		};
/* End PBXVariantGroup section */

/* Begin XCBuildConfiguration section */
		7F28421829A61CA5004AFA0D /* Debug */ = {
			isa = XCBuildConfiguration;
			buildSettings = {
				ALWAYS_SEARCH_USER_PATHS = NO;
				CLANG_ANALYZER_NONNULL = YES;
				CLANG_ANALYZER_NUMBER_OBJECT_CONVERSION = YES_AGGRESSIVE;
				CLANG_CXX_LANGUAGE_STANDARD = "gnu++20";
				CLANG_ENABLE_MODULES = YES;
				CLANG_ENABLE_OBJC_ARC = YES;
				CLANG_ENABLE_OBJC_WEAK = YES;
				CLANG_WARN_BLOCK_CAPTURE_AUTORELEASING = YES;
				CLANG_WARN_BOOL_CONVERSION = YES;
				CLANG_WARN_COMMA = YES;
				CLANG_WARN_CONSTANT_CONVERSION = YES;
				CLANG_WARN_DEPRECATED_OBJC_IMPLEMENTATIONS = YES;
				CLANG_WARN_DIRECT_OBJC_ISA_USAGE = YES_ERROR;
				CLANG_WARN_DOCUMENTATION_COMMENTS = YES;
				CLANG_WARN_EMPTY_BODY = YES;
				CLANG_WARN_ENUM_CONVERSION = YES;
				CLANG_WARN_INFINITE_RECURSION = YES;
				CLANG_WARN_INT_CONVERSION = YES;
				CLANG_WARN_NON_LITERAL_NULL_CONVERSION = YES;
				CLANG_WARN_OBJC_IMPLICIT_RETAIN_SELF = YES;
				CLANG_WARN_OBJC_LITERAL_CONVERSION = YES;
				CLANG_WARN_OBJC_ROOT_CLASS = YES_ERROR;
				CLANG_WARN_QUOTED_INCLUDE_IN_FRAMEWORK_HEADER = YES;
				CLANG_WARN_RANGE_LOOP_ANALYSIS = YES;
				CLANG_WARN_STRICT_PROTOTYPES = YES;
				CLANG_WARN_SUSPICIOUS_MOVE = YES;
				CLANG_WARN_UNGUARDED_AVAILABILITY = YES_AGGRESSIVE;
				CLANG_WARN_UNREACHABLE_CODE = YES;
				CLANG_WARN__DUPLICATE_METHOD_MATCH = YES;
				COPY_PHASE_STRIP = NO;
				DEBUG_INFORMATION_FORMAT = dwarf;
				ENABLE_STRICT_OBJC_MSGSEND = YES;
				ENABLE_TESTABILITY = YES;
				GCC_C_LANGUAGE_STANDARD = gnu11;
				GCC_DYNAMIC_NO_PIC = NO;
				GCC_NO_COMMON_BLOCKS = YES;
				GCC_OPTIMIZATION_LEVEL = 0;
				GCC_PREPROCESSOR_DEFINITIONS = (
					"DEBUG=1",
					"$(inherited)",
				);
				GCC_WARN_64_TO_32_BIT_CONVERSION = YES;
				GCC_WARN_ABOUT_RETURN_TYPE = YES_ERROR;
				GCC_WARN_UNDECLARED_SELECTOR = YES;
				GCC_WARN_UNINITIALIZED_AUTOS = YES_AGGRESSIVE;
				GCC_WARN_UNUSED_FUNCTION = YES;
				GCC_WARN_UNUSED_VARIABLE = YES;
				IPHONEOS_DEPLOYMENT_TARGET = 16.2;
				MTL_ENABLE_DEBUG_INFO = INCLUDE_SOURCE;
				MTL_FAST_MATH = YES;
				ONLY_ACTIVE_ARCH = YES;
				SDKROOT = iphoneos;
				SWIFT_ACTIVE_COMPILATION_CONDITIONS = DEBUG;
				SWIFT_OPTIMIZATION_LEVEL = "-Onone";
			};
			name = Debug;
		};
		7F28421929A61CA5004AFA0D /* Release */ = {
			isa = XCBuildConfiguration;
			buildSettings = {
				ALWAYS_SEARCH_USER_PATHS = NO;
				CLANG_ANALYZER_NONNULL = YES;
				CLANG_ANALYZER_NUMBER_OBJECT_CONVERSION = YES_AGGRESSIVE;
				CLANG_CXX_LANGUAGE_STANDARD = "gnu++20";
				CLANG_ENABLE_MODULES = YES;
				CLANG_ENABLE_OBJC_ARC = YES;
				CLANG_ENABLE_OBJC_WEAK = YES;
				CLANG_WARN_BLOCK_CAPTURE_AUTORELEASING = YES;
				CLANG_WARN_BOOL_CONVERSION = YES;
				CLANG_WARN_COMMA = YES;
				CLANG_WARN_CONSTANT_CONVERSION = YES;
				CLANG_WARN_DEPRECATED_OBJC_IMPLEMENTATIONS = YES;
				CLANG_WARN_DIRECT_OBJC_ISA_USAGE = YES_ERROR;
				CLANG_WARN_DOCUMENTATION_COMMENTS = YES;
				CLANG_WARN_EMPTY_BODY = YES;
				CLANG_WARN_ENUM_CONVERSION = YES;
				CLANG_WARN_INFINITE_RECURSION = YES;
				CLANG_WARN_INT_CONVERSION = YES;
				CLANG_WARN_NON_LITERAL_NULL_CONVERSION = YES;
				CLANG_WARN_OBJC_IMPLICIT_RETAIN_SELF = YES;
				CLANG_WARN_OBJC_LITERAL_CONVERSION = YES;
				CLANG_WARN_OBJC_ROOT_CLASS = YES_ERROR;
				CLANG_WARN_QUOTED_INCLUDE_IN_FRAMEWORK_HEADER = YES;
				CLANG_WARN_RANGE_LOOP_ANALYSIS = YES;
				CLANG_WARN_STRICT_PROTOTYPES = YES;
				CLANG_WARN_SUSPICIOUS_MOVE = YES;
				CLANG_WARN_UNGUARDED_AVAILABILITY = YES_AGGRESSIVE;
				CLANG_WARN_UNREACHABLE_CODE = YES;
				CLANG_WARN__DUPLICATE_METHOD_MATCH = YES;
				COPY_PHASE_STRIP = NO;
				DEBUG_INFORMATION_FORMAT = "dwarf-with-dsym";
				ENABLE_NS_ASSERTIONS = NO;
				ENABLE_STRICT_OBJC_MSGSEND = YES;
				GCC_C_LANGUAGE_STANDARD = gnu11;
				GCC_NO_COMMON_BLOCKS = YES;
				GCC_WARN_64_TO_32_BIT_CONVERSION = YES;
				GCC_WARN_ABOUT_RETURN_TYPE = YES_ERROR;
				GCC_WARN_UNDECLARED_SELECTOR = YES;
				GCC_WARN_UNINITIALIZED_AUTOS = YES_AGGRESSIVE;
				GCC_WARN_UNUSED_FUNCTION = YES;
				GCC_WARN_UNUSED_VARIABLE = YES;
				IPHONEOS_DEPLOYMENT_TARGET = 16.2;
				MTL_ENABLE_DEBUG_INFO = NO;
				MTL_FAST_MATH = YES;
				SDKROOT = iphoneos;
				SWIFT_COMPILATION_MODE = wholemodule;
				SWIFT_OPTIMIZATION_LEVEL = "-O";
				VALIDATE_PRODUCT = YES;
			};
			name = Release;
		};
		7F28421B29A61CA5004AFA0D /* Debug */ = {
			isa = XCBuildConfiguration;
			buildSettings = {
				ASSETCATALOG_COMPILER_APPICON_NAME = AppIcon;
				ASSETCATALOG_COMPILER_GLOBAL_ACCENT_COLOR_NAME = AccentColor;
				CODE_SIGN_STYLE = Automatic;
				CURRENT_PROJECT_VERSION = 1;
				DEVELOPMENT_TEAM = 38YUTGBJ5V;
				GENERATE_INFOPLIST_FILE = YES;
				INFOPLIST_FILE = PruebaItunes/Info.plist;
				INFOPLIST_KEY_UIApplicationSupportsIndirectInputEvents = YES;
				INFOPLIST_KEY_UILaunchStoryboardName = LaunchScreen;
				INFOPLIST_KEY_UISupportedInterfaceOrientations_iPad = "UIInterfaceOrientationPortrait UIInterfaceOrientationPortraitUpsideDown UIInterfaceOrientationLandscapeLeft UIInterfaceOrientationLandscapeRight";
				INFOPLIST_KEY_UISupportedInterfaceOrientations_iPhone = "UIInterfaceOrientationPortrait UIInterfaceOrientationLandscapeLeft UIInterfaceOrientationLandscapeRight";
				LD_RUNPATH_SEARCH_PATHS = (
					"$(inherited)",
					"@executable_path/Frameworks",
				);
				MARKETING_VERSION = 1.0;
				PRODUCT_BUNDLE_IDENTIFIER = experis.PruebaItunes;
				PRODUCT_NAME = "$(TARGET_NAME)";
				SWIFT_EMIT_LOC_STRINGS = YES;
				SWIFT_VERSION = 5.0;
				TARGETED_DEVICE_FAMILY = "1,2";
			};
			name = Debug;
		};
		7F28421C29A61CA5004AFA0D /* Release */ = {
			isa = XCBuildConfiguration;
			buildSettings = {
				ASSETCATALOG_COMPILER_APPICON_NAME = AppIcon;
				ASSETCATALOG_COMPILER_GLOBAL_ACCENT_COLOR_NAME = AccentColor;
				CODE_SIGN_STYLE = Automatic;
				CURRENT_PROJECT_VERSION = 1;
				DEVELOPMENT_TEAM = 38YUTGBJ5V;
				GENERATE_INFOPLIST_FILE = YES;
				INFOPLIST_FILE = PruebaItunes/Info.plist;
				INFOPLIST_KEY_UIApplicationSupportsIndirectInputEvents = YES;
				INFOPLIST_KEY_UILaunchStoryboardName = LaunchScreen;
				INFOPLIST_KEY_UISupportedInterfaceOrientations_iPad = "UIInterfaceOrientationPortrait UIInterfaceOrientationPortraitUpsideDown UIInterfaceOrientationLandscapeLeft UIInterfaceOrientationLandscapeRight";
				INFOPLIST_KEY_UISupportedInterfaceOrientations_iPhone = "UIInterfaceOrientationPortrait UIInterfaceOrientationLandscapeLeft UIInterfaceOrientationLandscapeRight";
				LD_RUNPATH_SEARCH_PATHS = (
					"$(inherited)",
					"@executable_path/Frameworks",
				);
				MARKETING_VERSION = 1.0;
				PRODUCT_BUNDLE_IDENTIFIER = experis.PruebaItunes;
				PRODUCT_NAME = "$(TARGET_NAME)";
				SWIFT_EMIT_LOC_STRINGS = YES;
				SWIFT_VERSION = 5.0;
				TARGETED_DEVICE_FAMILY = "1,2";
			};
			name = Release;
		};
		7F28421E29A61CA5004AFA0D /* Debug */ = {
			isa = XCBuildConfiguration;
			buildSettings = {
				ALWAYS_EMBED_SWIFT_STANDARD_LIBRARIES = YES;
				BUNDLE_LOADER = "$(TEST_HOST)";
				CODE_SIGN_STYLE = Automatic;
				CURRENT_PROJECT_VERSION = 1;
				DEVELOPMENT_TEAM = 38YUTGBJ5V;
				GENERATE_INFOPLIST_FILE = YES;
				IPHONEOS_DEPLOYMENT_TARGET = 16.2;
				MARKETING_VERSION = 1.0;
				PRODUCT_BUNDLE_IDENTIFIER = experis.PruebaItunesTests;
				PRODUCT_NAME = "$(TARGET_NAME)";
				SWIFT_EMIT_LOC_STRINGS = NO;
				SWIFT_VERSION = 5.0;
				TARGETED_DEVICE_FAMILY = "1,2";
				TEST_HOST = "$(BUILT_PRODUCTS_DIR)/PruebaItunes.app/$(BUNDLE_EXECUTABLE_FOLDER_PATH)/PruebaItunes";
			};
			name = Debug;
		};
		7F28421F29A61CA5004AFA0D /* Release */ = {
			isa = XCBuildConfiguration;
			buildSettings = {
				ALWAYS_EMBED_SWIFT_STANDARD_LIBRARIES = YES;
				BUNDLE_LOADER = "$(TEST_HOST)";
				CODE_SIGN_STYLE = Automatic;
				CURRENT_PROJECT_VERSION = 1;
				DEVELOPMENT_TEAM = 38YUTGBJ5V;
				GENERATE_INFOPLIST_FILE = YES;
				IPHONEOS_DEPLOYMENT_TARGET = 16.2;
				MARKETING_VERSION = 1.0;
				PRODUCT_BUNDLE_IDENTIFIER = experis.PruebaItunesTests;
				PRODUCT_NAME = "$(TARGET_NAME)";
				SWIFT_EMIT_LOC_STRINGS = NO;
				SWIFT_VERSION = 5.0;
				TARGETED_DEVICE_FAMILY = "1,2";
				TEST_HOST = "$(BUILT_PRODUCTS_DIR)/PruebaItunes.app/$(BUNDLE_EXECUTABLE_FOLDER_PATH)/PruebaItunes";
			};
			name = Release;
		};
		7F28422129A61CA5004AFA0D /* Debug */ = {
			isa = XCBuildConfiguration;
			buildSettings = {
				ALWAYS_EMBED_SWIFT_STANDARD_LIBRARIES = YES;
				CODE_SIGN_STYLE = Automatic;
				CURRENT_PROJECT_VERSION = 1;
				DEVELOPMENT_TEAM = 38YUTGBJ5V;
				GENERATE_INFOPLIST_FILE = YES;
				MARKETING_VERSION = 1.0;
				PRODUCT_BUNDLE_IDENTIFIER = experis.PruebaItunesUITests;
				PRODUCT_NAME = "$(TARGET_NAME)";
				SWIFT_EMIT_LOC_STRINGS = NO;
				SWIFT_VERSION = 5.0;
				TARGETED_DEVICE_FAMILY = "1,2";
				TEST_TARGET_NAME = PruebaItunes;
			};
			name = Debug;
		};
		7F28422229A61CA5004AFA0D /* Release */ = {
			isa = XCBuildConfiguration;
			buildSettings = {
				ALWAYS_EMBED_SWIFT_STANDARD_LIBRARIES = YES;
				CODE_SIGN_STYLE = Automatic;
				CURRENT_PROJECT_VERSION = 1;
				DEVELOPMENT_TEAM = 38YUTGBJ5V;
				GENERATE_INFOPLIST_FILE = YES;
				MARKETING_VERSION = 1.0;
				PRODUCT_BUNDLE_IDENTIFIER = experis.PruebaItunesUITests;
				PRODUCT_NAME = "$(TARGET_NAME)";
				SWIFT_EMIT_LOC_STRINGS = NO;
				SWIFT_VERSION = 5.0;
				TARGETED_DEVICE_FAMILY = "1,2";
				TEST_TARGET_NAME = PruebaItunes;
			};
			name = Release;
		};
/* End XCBuildConfiguration section */

/* Begin XCConfigurationList section */
		7F2841EB29A61CA3004AFA0D /* Build configuration list for PBXProject "PruebaItunes" */ = {
			isa = XCConfigurationList;
			buildConfigurations = (
				7F28421829A61CA5004AFA0D /* Debug */,
				7F28421929A61CA5004AFA0D /* Release */,
			);
			defaultConfigurationIsVisible = 0;
			defaultConfigurationName = Release;
		};
		7F28421A29A61CA5004AFA0D /* Build configuration list for PBXNativeTarget "PruebaItunes" */ = {
			isa = XCConfigurationList;
			buildConfigurations = (
				7F28421B29A61CA5004AFA0D /* Debug */,
				7F28421C29A61CA5004AFA0D /* Release */,
			);
			defaultConfigurationIsVisible = 0;
			defaultConfigurationName = Release;
		};
		7F28421D29A61CA5004AFA0D /* Build configuration list for PBXNativeTarget "PruebaItunesTests" */ = {
			isa = XCConfigurationList;
			buildConfigurations = (
				7F28421E29A61CA5004AFA0D /* Debug */,
				7F28421F29A61CA5004AFA0D /* Release */,
			);
			defaultConfigurationIsVisible = 0;
			defaultConfigurationName = Release;
		};
		7F28422029A61CA5004AFA0D /* Build configuration list for PBXNativeTarget "PruebaItunesUITests" */ = {
			isa = XCConfigurationList;
			buildConfigurations = (
				7F28422129A61CA5004AFA0D /* Debug */,
				7F28422229A61CA5004AFA0D /* Release */,
			);
			defaultConfigurationIsVisible = 0;
			defaultConfigurationName = Release;
		};
/* End XCConfigurationList section */
	};
	rootObject = 7F2841E829A61CA3004AFA0D /* Project object */;
}
