// !$*UTF8*$!
{
	archiveVersion = 1;
	classes = {
	};
	objectVersion = 56;
	objects = {

/* Begin PBXBuildFile section */
		7F0444F929BB3310008B2E05 /* ArtistDetailViewController.swift in Sources */ = {isa = PBXBuildFile; fileRef = 7F0444F729BB3310008B2E05 /* ArtistDetailViewController.swift */; };
		7F2841F429A61CA3004AFA0D /* AppDelegate.swift in Sources */ = {isa = PBXBuildFile; fileRef = 7F2841F329A61CA3004AFA0D /* AppDelegate.swift */; };
		7F2841F629A61CA3004AFA0D /* SceneDelegate.swift in Sources */ = {isa = PBXBuildFile; fileRef = 7F2841F529A61CA3004AFA0D /* SceneDelegate.swift */; };
		7F2841FD29A61CA5004AFA0D /* Assets.xcassets in Resources */ = {isa = PBXBuildFile; fileRef = 7F2841FC29A61CA5004AFA0D /* Assets.xcassets */; };
		7F28420029A61CA5004AFA0D /* LaunchScreen.storyboard in Resources */ = {isa = PBXBuildFile; fileRef = 7F2841FE29A61CA5004AFA0D /* LaunchScreen.storyboard */; };
		7F28420B29A61CA5004AFA0D /* PruebaItunesTests.swift in Sources */ = {isa = PBXBuildFile; fileRef = 7F28420A29A61CA5004AFA0D /* PruebaItunesTests.swift */; };
		7F28421529A61CA5004AFA0D /* PruebaItunesUITests.swift in Sources */ = {isa = PBXBuildFile; fileRef = 7F28421429A61CA5004AFA0D /* PruebaItunesUITests.swift */; };
		7F28421729A61CA5004AFA0D /* PruebaItunesUITestsLaunchTests.swift in Sources */ = {isa = PBXBuildFile; fileRef = 7F28421629A61CA5004AFA0D /* PruebaItunesUITestsLaunchTests.swift */; };
		7F2B64B129A7529C001DF58A /* ArtistListViewController.swift in Sources */ = {isa = PBXBuildFile; fileRef = 7F2B64AF29A7529C001DF58A /* ArtistListViewController.swift */; };
		7F3D6FDD2A164A460060FCF1 /* Alamofire in Frameworks */ = {isa = PBXBuildFile; productRef = 7F3D6FDC2A164A460060FCF1 /* Alamofire */; };
		7FBC437D29A76D0000FD0D3D /* ArtistCell.swift in Sources */ = {isa = PBXBuildFile; fileRef = 7FBC437B29A76D0000FD0D3D /* ArtistCell.swift */; };
		7FD76AA529F936300009A83B /* CustomCollectionViewLayout.swift in Sources */ = {isa = PBXBuildFile; fileRef = 7FD76AA429F936300009A83B /* CustomCollectionViewLayout.swift */; };
		7FDB2B0329CDBB54005CCB47 /* AppDependencies.swift in Sources */ = {isa = PBXBuildFile; fileRef = 7FDB2B0229CDBB54005CCB47 /* AppDependencies.swift */; };
		7FDC92C32A3B240F0099952E /* Domain in Frameworks */ = {isa = PBXBuildFile; productRef = 7FDC92C22A3B240F0099952E /* Domain */; };
		7FEAC45C2A0D09B0006E31E0 /* Bindable.swift in Sources */ = {isa = PBXBuildFile; fileRef = 7FEAC45B2A0D09B0006E31E0 /* Bindable.swift */; };
		7FF5A0CB29BB4EE800A26D45 /* AlbumCell.swift in Sources */ = {isa = PBXBuildFile; fileRef = 7FF5A0C929BB4EE800A26D45 /* AlbumCell.swift */; };
		7FF78F952A39DC490047F09A /* ArtistListCoordinator.swift in Sources */ = {isa = PBXBuildFile; fileRef = 7FF78F942A39DC490047F09A /* ArtistListCoordinator.swift */; };
		7FF78F992A39E2CF0047F09A /* ArtistDetailCoordinator.swift in Sources */ = {isa = PBXBuildFile; fileRef = 7FF78F982A39E2CE0047F09A /* ArtistDetailCoordinator.swift */; };
		7FF78F9B2A3AEF750047F09A /* ArtistListViewModel.swift in Sources */ = {isa = PBXBuildFile; fileRef = 7FF78F9A2A3AEF750047F09A /* ArtistListViewModel.swift */; };
		7FF78F9D2A3AEF840047F09A /* ArtistDetailViewModel.swift in Sources */ = {isa = PBXBuildFile; fileRef = 7FF78F9C2A3AEF840047F09A /* ArtistDetailViewModel.swift */; };
/* End PBXBuildFile section */

/* Begin PBXBuildRule section */
		7FCCC7022A388CC10029834D /* PBXBuildRule */ = {
			isa = PBXBuildRule;
			compilerSpec = com.apple.compilers.proxy.script;
			fileType = pattern.proxy;
			inputFiles = (
			);
			isEditable = 1;
			outputFiles = (
			);
			script = "# Type a script or drag a script file from your workspace to insert its path.\n";
		};
/* End PBXBuildRule section */

/* Begin PBXContainerItemProxy section */
		7F28420729A61CA5004AFA0D /* PBXContainerItemProxy */ = {
			isa = PBXContainerItemProxy;
			containerPortal = 7F2841E829A61CA3004AFA0D /* Project object */;
			proxyType = 1;
			remoteGlobalIDString = 7F2841EF29A61CA3004AFA0D;
			remoteInfo = PruebaItunes;
		};
		7F28421129A61CA5004AFA0D /* PBXContainerItemProxy */ = {
			isa = PBXContainerItemProxy;
			containerPortal = 7F2841E829A61CA3004AFA0D /* Project object */;
			proxyType = 1;
			remoteGlobalIDString = 7F2841EF29A61CA3004AFA0D;
			remoteInfo = PruebaItunes;
		};
/* End PBXContainerItemProxy section */

/* Begin PBXFileReference section */
		7F0444F729BB3310008B2E05 /* ArtistDetailViewController.swift */ = {isa = PBXFileReference; lastKnownFileType = sourcecode.swift; path = ArtistDetailViewController.swift; sourceTree = "<group>"; };
		7F0FF5182A38888400EA5E8A /* Domain */ = {isa = PBXFileReference; lastKnownFileType = wrapper; name = Domain; path = PruebaItunes/Domain; sourceTree = "<group>"; };
		7F2841F029A61CA3004AFA0D /* PruebaItunes.app */ = {isa = PBXFileReference; explicitFileType = wrapper.application; includeInIndex = 0; path = PruebaItunes.app; sourceTree = BUILT_PRODUCTS_DIR; };
		7F2841F329A61CA3004AFA0D /* AppDelegate.swift */ = {isa = PBXFileReference; lastKnownFileType = sourcecode.swift; path = AppDelegate.swift; sourceTree = "<group>"; };
		7F2841F529A61CA3004AFA0D /* SceneDelegate.swift */ = {isa = PBXFileReference; lastKnownFileType = sourcecode.swift; path = SceneDelegate.swift; sourceTree = "<group>"; };
		7F2841FC29A61CA5004AFA0D /* Assets.xcassets */ = {isa = PBXFileReference; lastKnownFileType = folder.assetcatalog; path = Assets.xcassets; sourceTree = "<group>"; };
		7F2841FF29A61CA5004AFA0D /* Base */ = {isa = PBXFileReference; lastKnownFileType = file.storyboard; name = Base; path = Base.lproj/LaunchScreen.storyboard; sourceTree = "<group>"; };
		7F28420129A61CA5004AFA0D /* Info.plist */ = {isa = PBXFileReference; lastKnownFileType = text.plist.xml; path = Info.plist; sourceTree = "<group>"; };
		7F28420629A61CA5004AFA0D /* PruebaItunesTests.xctest */ = {isa = PBXFileReference; explicitFileType = wrapper.cfbundle; includeInIndex = 0; path = PruebaItunesTests.xctest; sourceTree = BUILT_PRODUCTS_DIR; };
		7F28420A29A61CA5004AFA0D /* PruebaItunesTests.swift */ = {isa = PBXFileReference; lastKnownFileType = sourcecode.swift; path = PruebaItunesTests.swift; sourceTree = "<group>"; };
		7F28421029A61CA5004AFA0D /* PruebaItunesUITests.xctest */ = {isa = PBXFileReference; explicitFileType = wrapper.cfbundle; includeInIndex = 0; path = PruebaItunesUITests.xctest; sourceTree = BUILT_PRODUCTS_DIR; };
		7F28421429A61CA5004AFA0D /* PruebaItunesUITests.swift */ = {isa = PBXFileReference; lastKnownFileType = sourcecode.swift; path = PruebaItunesUITests.swift; sourceTree = "<group>"; };
		7F28421629A61CA5004AFA0D /* PruebaItunesUITestsLaunchTests.swift */ = {isa = PBXFileReference; lastKnownFileType = sourcecode.swift; path = PruebaItunesUITestsLaunchTests.swift; sourceTree = "<group>"; };
		7F2B64AF29A7529C001DF58A /* ArtistListViewController.swift */ = {isa = PBXFileReference; lastKnownFileType = sourcecode.swift; path = ArtistListViewController.swift; sourceTree = "<group>"; };
		7F7DFE592A3B36150074A43E /* Data */ = {isa = PBXFileReference; lastKnownFileType = wrapper; name = Data; path = PruebaItunes/Data; sourceTree = "<group>"; };
		7FBC437B29A76D0000FD0D3D /* ArtistCell.swift */ = {isa = PBXFileReference; lastKnownFileType = sourcecode.swift; path = ArtistCell.swift; sourceTree = "<group>"; };
		7FD76AA429F936300009A83B /* CustomCollectionViewLayout.swift */ = {isa = PBXFileReference; lastKnownFileType = sourcecode.swift; path = CustomCollectionViewLayout.swift; sourceTree = "<group>"; };
		7FDB2B0229CDBB54005CCB47 /* AppDependencies.swift */ = {isa = PBXFileReference; lastKnownFileType = sourcecode.swift; path = AppDependencies.swift; sourceTree = "<group>"; };
		7FEAC45B2A0D09B0006E31E0 /* Bindable.swift */ = {isa = PBXFileReference; lastKnownFileType = sourcecode.swift; path = Bindable.swift; sourceTree = "<group>"; };
		7FF5A0C929BB4EE800A26D45 /* AlbumCell.swift */ = {isa = PBXFileReference; lastKnownFileType = sourcecode.swift; path = AlbumCell.swift; sourceTree = "<group>"; };
		7FF78F942A39DC490047F09A /* ArtistListCoordinator.swift */ = {isa = PBXFileReference; fileEncoding = 4; lastKnownFileType = sourcecode.swift; path = ArtistListCoordinator.swift; sourceTree = "<group>"; };
		7FF78F982A39E2CE0047F09A /* ArtistDetailCoordinator.swift */ = {isa = PBXFileReference; fileEncoding = 4; lastKnownFileType = sourcecode.swift; path = ArtistDetailCoordinator.swift; sourceTree = "<group>"; };
		7FF78F9A2A3AEF750047F09A /* ArtistListViewModel.swift */ = {isa = PBXFileReference; fileEncoding = 4; lastKnownFileType = sourcecode.swift; path = ArtistListViewModel.swift; sourceTree = "<group>"; };
		7FF78F9C2A3AEF840047F09A /* ArtistDetailViewModel.swift */ = {isa = PBXFileReference; fileEncoding = 4; lastKnownFileType = sourcecode.swift; path = ArtistDetailViewModel.swift; sourceTree = "<group>"; };
/* End PBXFileReference section */

/* Begin PBXFrameworksBuildPhase section */
		7F2841ED29A61CA3004AFA0D /* Frameworks */ = {
			isa = PBXFrameworksBuildPhase;
			buildActionMask = 2147483647;
			files = (
				7FDC92C32A3B240F0099952E /* Domain in Frameworks */,
				7F3D6FDD2A164A460060FCF1 /* Alamofire in Frameworks */,
			);
			runOnlyForDeploymentPostprocessing = 0;
		};
		7F28420329A61CA5004AFA0D /* Frameworks */ = {
			isa = PBXFrameworksBuildPhase;
			buildActionMask = 2147483647;
			files = (
			);
			runOnlyForDeploymentPostprocessing = 0;
		};
		7F28420D29A61CA5004AFA0D /* Frameworks */ = {
			isa = PBXFrameworksBuildPhase;
			buildActionMask = 2147483647;
			files = (
			);
			runOnlyForDeploymentPostprocessing = 0;
		};
/* End PBXFrameworksBuildPhase section */

/* Begin PBXGroup section */
		7F0444EC29BA01B8008B2E05 /* View components */ = {
			isa = PBXGroup;
			children = (
				7FBC437B29A76D0000FD0D3D /* ArtistCell.swift */,
				7FF5A0C929BB4EE800A26D45 /* AlbumCell.swift */,
				7FD76AA429F936300009A83B /* CustomCollectionViewLayout.swift */,
			);
			path = "View components";
			sourceTree = "<group>";
		};
		7F2841E729A61CA3004AFA0D = {
			isa = PBXGroup;
			children = (
				7F962B312A38860400157F74 /* Packages */,
				7F2841F229A61CA3004AFA0D /* PruebaItunes */,
				7F28420929A61CA5004AFA0D /* PruebaItunesTests */,
				7F28421329A61CA5004AFA0D /* PruebaItunesUITests */,
				7F2841F129A61CA3004AFA0D /* Products */,
				7FCCC7032A388CE50029834D /* Frameworks */,
			);
			sourceTree = "<group>";
		};
		7F2841F129A61CA3004AFA0D /* Products */ = {
			isa = PBXGroup;
			children = (
				7F2841F029A61CA3004AFA0D /* PruebaItunes.app */,
				7F28420629A61CA5004AFA0D /* PruebaItunesTests.xctest */,
				7F28421029A61CA5004AFA0D /* PruebaItunesUITests.xctest */,
			);
			name = Products;
			sourceTree = "<group>";
		};
		7F2841F229A61CA3004AFA0D /* PruebaItunes */ = {
			isa = PBXGroup;
			children = (
				7F8B101C2A0D036A00CD0F11 /* List */,
				7FF78F9F2A3B1D8D0047F09A /* Detail */,
				7F0444EC29BA01B8008B2E05 /* View components */,
				7FEAC45A2A0D099D006E31E0 /* Binding */,
				7F2841F329A61CA3004AFA0D /* AppDelegate.swift */,
				7F2841F529A61CA3004AFA0D /* SceneDelegate.swift */,
				7FDB2B0229CDBB54005CCB47 /* AppDependencies.swift */,
				7F2841FC29A61CA5004AFA0D /* Assets.xcassets */,
				7F2841FE29A61CA5004AFA0D /* LaunchScreen.storyboard */,
				7F28420129A61CA5004AFA0D /* Info.plist */,
			);
			path = PruebaItunes;
			sourceTree = "<group>";
		};
		7F28420929A61CA5004AFA0D /* PruebaItunesTests */ = {
			isa = PBXGroup;
			children = (
				7F28420A29A61CA5004AFA0D /* PruebaItunesTests.swift */,
			);
			path = PruebaItunesTests;
			sourceTree = "<group>";
		};
		7F28421329A61CA5004AFA0D /* PruebaItunesUITests */ = {
			isa = PBXGroup;
			children = (
				7F28421429A61CA5004AFA0D /* PruebaItunesUITests.swift */,
				7F28421629A61CA5004AFA0D /* PruebaItunesUITestsLaunchTests.swift */,
			);
			path = PruebaItunesUITests;
			sourceTree = "<group>";
		};
		7F8B101C2A0D036A00CD0F11 /* List */ = {
			isa = PBXGroup;
			children = (
				7FF78F9A2A3AEF750047F09A /* ArtistListViewModel.swift */,
				7F2B64AF29A7529C001DF58A /* ArtistListViewController.swift */,
				7FF78F942A39DC490047F09A /* ArtistListCoordinator.swift */,
			);
			path = List;
			sourceTree = "<group>";
		};
		7F962B312A38860400157F74 /* Packages */ = {
			isa = PBXGroup;
			children = (
				7F0FF5182A38888400EA5E8A /* Domain */,
				7F7DFE592A3B36150074A43E /* Data */,
			);
			name = Packages;
			sourceTree = "<group>";
		};
		7FCCC7032A388CE50029834D /* Frameworks */ = {
			isa = PBXGroup;
			children = (
			);
			name = Frameworks;
			sourceTree = "<group>";
		};
		7FEAC45A2A0D099D006E31E0 /* Binding */ = {
			isa = PBXGroup;
			children = (
				7FEAC45B2A0D09B0006E31E0 /* Bindable.swift */,
			);
			path = Binding;
			sourceTree = "<group>";
		};
		7FF78F9F2A3B1D8D0047F09A /* Detail */ = {
			isa = PBXGroup;
			children = (
				7FF78F9C2A3AEF840047F09A /* ArtistDetailViewModel.swift */,
				7F0444F729BB3310008B2E05 /* ArtistDetailViewController.swift */,
				7FF78F982A39E2CE0047F09A /* ArtistDetailCoordinator.swift */,
			);
			path = Detail;
			sourceTree = "<group>";
		};
/* End PBXGroup section */

/* Begin PBXNativeTarget section */
		7F2841EF29A61CA3004AFA0D /* PruebaItunes */ = {
			isa = PBXNativeTarget;
			buildConfigurationList = 7F28421A29A61CA5004AFA0D /* Build configuration list for PBXNativeTarget "PruebaItunes" */;
			buildPhases = (
				7F2841EC29A61CA3004AFA0D /* Sources */,
				7F2841ED29A61CA3004AFA0D /* Frameworks */,
				7F2841EE29A61CA3004AFA0D /* Resources */,
			);
			buildRules = (
				7FCCC7022A388CC10029834D /* PBXBuildRule */,
			);
			dependencies = (
			);
			name = PruebaItunes;
			packageProductDependencies = (
				7F3D6FDC2A164A460060FCF1 /* Alamofire */,
				7FDC92C22A3B240F0099952E /* Domain */,
			);
			productName = PruebaItunes;
			productReference = 7F2841F029A61CA3004AFA0D /* PruebaItunes.app */;
			productType = "com.apple.product-type.application";
		};
		7F28420529A61CA5004AFA0D /* PruebaItunesTests */ = {
			isa = PBXNativeTarget;
			buildConfigurationList = 7F28421D29A61CA5004AFA0D /* Build configuration list for PBXNativeTarget "PruebaItunesTests" */;
			buildPhases = (
				7F28420229A61CA5004AFA0D /* Sources */,
				7F28420329A61CA5004AFA0D /* Frameworks */,
				7F28420429A61CA5004AFA0D /* Resources */,
			);
			buildRules = (
			);
			dependencies = (
				7F28420829A61CA5004AFA0D /* PBXTargetDependency */,
			);
			name = PruebaItunesTests;
			productName = PruebaItunesTests;
			productReference = 7F28420629A61CA5004AFA0D /* PruebaItunesTests.xctest */;
			productType = "com.apple.product-type.bundle.unit-test";
		};
		7F28420F29A61CA5004AFA0D /* PruebaItunesUITests */ = {
			isa = PBXNativeTarget;
			buildConfigurationList = 7F28422029A61CA5004AFA0D /* Build configuration list for PBXNativeTarget "PruebaItunesUITests" */;
			buildPhases = (
				7F28420C29A61CA5004AFA0D /* Sources */,
				7F28420D29A61CA5004AFA0D /* Frameworks */,
				7F28420E29A61CA5004AFA0D /* Resources */,
			);
			buildRules = (
			);
			dependencies = (
				7F28421229A61CA5004AFA0D /* PBXTargetDependency */,
			);
			name = PruebaItunesUITests;
			productName = PruebaItunesUITests;
			productReference = 7F28421029A61CA5004AFA0D /* PruebaItunesUITests.xctest */;
			productType = "com.apple.product-type.bundle.ui-testing";
		};
/* End PBXNativeTarget section */

/* Begin PBXProject section */
		7F2841E829A61CA3004AFA0D /* Project object */ = {
			isa = PBXProject;
			attributes = {
				BuildIndependentTargetsInParallel = 1;
				LastSwiftUpdateCheck = 1420;
				LastUpgradeCheck = 1420;
				TargetAttributes = {
					7F2841EF29A61CA3004AFA0D = {
						CreatedOnToolsVersion = 14.2;
					};
					7F28420529A61CA5004AFA0D = {
						CreatedOnToolsVersion = 14.2;
						TestTargetID = 7F2841EF29A61CA3004AFA0D;
					};
					7F28420F29A61CA5004AFA0D = {
						CreatedOnToolsVersion = 14.2;
						TestTargetID = 7F2841EF29A61CA3004AFA0D;
					};
				};
			};
			buildConfigurationList = 7F2841EB29A61CA3004AFA0D /* Build configuration list for PBXProject "PruebaItunes" */;
			compatibilityVersion = "Xcode 14.0";
			developmentRegion = en;
			hasScannedForEncodings = 0;
			knownRegions = (
				en,
				Base,
			);
			mainGroup = 7F2841E729A61CA3004AFA0D;
			packageReferences = (
				7F3D6FDB2A164A460060FCF1 /* XCRemoteSwiftPackageReference "Alamofire" */,
			);
			productRefGroup = 7F2841F129A61CA3004AFA0D /* Products */;
			projectDirPath = "";
			projectRoot = "";
			targets = (
				7F2841EF29A61CA3004AFA0D /* PruebaItunes */,
				7F28420529A61CA5004AFA0D /* PruebaItunesTests */,
				7F28420F29A61CA5004AFA0D /* PruebaItunesUITests */,
			);
		};
/* End PBXProject section */

/* Begin PBXResourcesBuildPhase section */
		7F2841EE29A61CA3004AFA0D /* Resources */ = {
			isa = PBXResourcesBuildPhase;
			buildActionMask = 2147483647;
			files = (
				7F28420029A61CA5004AFA0D /* LaunchScreen.storyboard in Resources */,
				7F2841FD29A61CA5004AFA0D /* Assets.xcassets in Resources */,
			);
			runOnlyForDeploymentPostprocessing = 0;
		};
		7F28420429A61CA5004AFA0D /* Resources */ = {
			isa = PBXResourcesBuildPhase;
			buildActionMask = 2147483647;
			files = (
			);
			runOnlyForDeploymentPostprocessing = 0;
		};
		7F28420E29A61CA5004AFA0D /* Resources */ = {
			isa = PBXResourcesBuildPhase;
			buildActionMask = 2147483647;
			files = (
			);
			runOnlyForDeploymentPostprocessing = 0;
		};
/* End PBXResourcesBuildPhase section */

/* Begin PBXSourcesBuildPhase section */
		7F2841EC29A61CA3004AFA0D /* Sources */ = {
			isa = PBXSourcesBuildPhase;
			buildActionMask = 2147483647;
			files = (
				7FF5A0CB29BB4EE800A26D45 /* AlbumCell.swift in Sources */,
				7FF78F952A39DC490047F09A /* ArtistListCoordinator.swift in Sources */,
				7FDB2B0329CDBB54005CCB47 /* AppDependencies.swift in Sources */,
				7F2841F429A61CA3004AFA0D /* AppDelegate.swift in Sources */,
				7FD76AA529F936300009A83B /* CustomCollectionViewLayout.swift in Sources */,
				7F0444F929BB3310008B2E05 /* ArtistDetailViewController.swift in Sources */,
				7FF78F992A39E2CF0047F09A /* ArtistDetailCoordinator.swift in Sources */,
				7FEAC45C2A0D09B0006E31E0 /* Bindable.swift in Sources */,
				7F2841F629A61CA3004AFA0D /* SceneDelegate.swift in Sources */,
				7FF78F9B2A3AEF750047F09A /* ArtistListViewModel.swift in Sources */,
				7FBC437D29A76D0000FD0D3D /* ArtistCell.swift in Sources */,
				7FF78F9D2A3AEF840047F09A /* ArtistDetailViewModel.swift in Sources */,
				7F2B64B129A7529C001DF58A /* ArtistListViewController.swift in Sources */,
			);
			runOnlyForDeploymentPostprocessing = 0;
		};
		7F28420229A61CA5004AFA0D /* Sources */ = {
			isa = PBXSourcesBuildPhase;
			buildActionMask = 2147483647;
			files = (
				7F28420B29A61CA5004AFA0D /* PruebaItunesTests.swift in Sources */,
			);
			runOnlyForDeploymentPostprocessing = 0;
		};
		7F28420C29A61CA5004AFA0D /* Sources */ = {
			isa = PBXSourcesBuildPhase;
			buildActionMask = 2147483647;
			files = (
				7F28421529A61CA5004AFA0D /* PruebaItunesUITests.swift in Sources */,
				7F28421729A61CA5004AFA0D /* PruebaItunesUITestsLaunchTests.swift in Sources */,
			);
			runOnlyForDeploymentPostprocessing = 0;
		};
/* End PBXSourcesBuildPhase section */

/* Begin PBXTargetDependency section */
		7F28420829A61CA5004AFA0D /* PBXTargetDependency */ = {
			isa = PBXTargetDependency;
			target = 7F2841EF29A61CA3004AFA0D /* PruebaItunes */;
			targetProxy = 7F28420729A61CA5004AFA0D /* PBXContainerItemProxy */;
		};
		7F28421229A61CA5004AFA0D /* PBXTargetDependency */ = {
			isa = PBXTargetDependency;
			target = 7F2841EF29A61CA3004AFA0D /* PruebaItunes */;
			targetProxy = 7F28421129A61CA5004AFA0D /* PBXContainerItemProxy */;
		};
/* End PBXTargetDependency section */

/* Begin PBXVariantGroup section */
		7F2841FE29A61CA5004AFA0D /* LaunchScreen.storyboard */ = {
			isa = PBXVariantGroup;
			children = (
				7F2841FF29A61CA5004AFA0D /* Base */,
			);
			name = LaunchScreen.storyboard;
			sourceTree = "<group>";
		};
/* End PBXVariantGroup section */

/* Begin XCBuildConfiguration section */
		7F28421829A61CA5004AFA0D /* Debug */ = {
			isa = XCBuildConfiguration;
			buildSettings = {
				ALWAYS_SEARCH_USER_PATHS = NO;
				CLANG_ANALYZER_NONNULL = YES;
				CLANG_ANALYZER_NUMBER_OBJECT_CONVERSION = YES_AGGRESSIVE;
				CLANG_CXX_LANGUAGE_STANDARD = "gnu++20";
				CLANG_ENABLE_MODULES = YES;
				CLANG_ENABLE_OBJC_ARC = YES;
				CLANG_ENABLE_OBJC_WEAK = YES;
				CLANG_WARN_BLOCK_CAPTURE_AUTORELEASING = YES;
				CLANG_WARN_BOOL_CONVERSION = YES;
				CLANG_WARN_COMMA = YES;
				CLANG_WARN_CONSTANT_CONVERSION = YES;
				CLANG_WARN_DEPRECATED_OBJC_IMPLEMENTATIONS = YES;
				CLANG_WARN_DIRECT_OBJC_ISA_USAGE = YES_ERROR;
				CLANG_WARN_DOCUMENTATION_COMMENTS = YES;
				CLANG_WARN_EMPTY_BODY = YES;
				CLANG_WARN_ENUM_CONVERSION = YES;
				CLANG_WARN_INFINITE_RECURSION = YES;
				CLANG_WARN_INT_CONVERSION = YES;
				CLANG_WARN_NON_LITERAL_NULL_CONVERSION = YES;
				CLANG_WARN_OBJC_IMPLICIT_RETAIN_SELF = YES;
				CLANG_WARN_OBJC_LITERAL_CONVERSION = YES;
				CLANG_WARN_OBJC_ROOT_CLASS = YES_ERROR;
				CLANG_WARN_QUOTED_INCLUDE_IN_FRAMEWORK_HEADER = YES;
				CLANG_WARN_RANGE_LOOP_ANALYSIS = YES;
				CLANG_WARN_STRICT_PROTOTYPES = YES;
				CLANG_WARN_SUSPICIOUS_MOVE = YES;
				CLANG_WARN_UNGUARDED_AVAILABILITY = YES_AGGRESSIVE;
				CLANG_WARN_UNREACHABLE_CODE = YES;
				CLANG_WARN__DUPLICATE_METHOD_MATCH = YES;
				COPY_PHASE_STRIP = NO;
				DEBUG_INFORMATION_FORMAT = dwarf;
				ENABLE_STRICT_OBJC_MSGSEND = YES;
				ENABLE_TESTABILITY = YES;
				GCC_C_LANGUAGE_STANDARD = gnu11;
				GCC_DYNAMIC_NO_PIC = NO;
				GCC_NO_COMMON_BLOCKS = YES;
				GCC_OPTIMIZATION_LEVEL = 0;
				GCC_PREPROCESSOR_DEFINITIONS = (
					"DEBUG=1",
					"$(inherited)",
				);
				GCC_WARN_64_TO_32_BIT_CONVERSION = YES;
				GCC_WARN_ABOUT_RETURN_TYPE = YES_ERROR;
				GCC_WARN_UNDECLARED_SELECTOR = YES;
				GCC_WARN_UNINITIALIZED_AUTOS = YES_AGGRESSIVE;
				GCC_WARN_UNUSED_FUNCTION = YES;
				GCC_WARN_UNUSED_VARIABLE = YES;
				IPHONEOS_DEPLOYMENT_TARGET = 16.2;
				MTL_ENABLE_DEBUG_INFO = INCLUDE_SOURCE;
				MTL_FAST_MATH = YES;
				ONLY_ACTIVE_ARCH = YES;
				SDKROOT = iphoneos;
				SWIFT_ACTIVE_COMPILATION_CONDITIONS = DEBUG;
				SWIFT_OPTIMIZATION_LEVEL = "-Onone";
			};
			name = Debug;
		};
		7F28421929A61CA5004AFA0D /* Release */ = {
			isa = XCBuildConfiguration;
			buildSettings = {
				ALWAYS_SEARCH_USER_PATHS = NO;
				CLANG_ANALYZER_NONNULL = YES;
				CLANG_ANALYZER_NUMBER_OBJECT_CONVERSION = YES_AGGRESSIVE;
				CLANG_CXX_LANGUAGE_STANDARD = "gnu++20";
				CLANG_ENABLE_MODULES = YES;
				CLANG_ENABLE_OBJC_ARC = YES;
				CLANG_ENABLE_OBJC_WEAK = YES;
				CLANG_WARN_BLOCK_CAPTURE_AUTORELEASING = YES;
				CLANG_WARN_BOOL_CONVERSION = YES;
				CLANG_WARN_COMMA = YES;
				CLANG_WARN_CONSTANT_CONVERSION = YES;
				CLANG_WARN_DEPRECATED_OBJC_IMPLEMENTATIONS = YES;
				CLANG_WARN_DIRECT_OBJC_ISA_USAGE = YES_ERROR;
				CLANG_WARN_DOCUMENTATION_COMMENTS = YES;
				CLANG_WARN_EMPTY_BODY = YES;
				CLANG_WARN_ENUM_CONVERSION = YES;
				CLANG_WARN_INFINITE_RECURSION = YES;
				CLANG_WARN_INT_CONVERSION = YES;
				CLANG_WARN_NON_LITERAL_NULL_CONVERSION = YES;
				CLANG_WARN_OBJC_IMPLICIT_RETAIN_SELF = YES;
				CLANG_WARN_OBJC_LITERAL_CONVERSION = YES;
				CLANG_WARN_OBJC_ROOT_CLASS = YES_ERROR;
				CLANG_WARN_QUOTED_INCLUDE_IN_FRAMEWORK_HEADER = YES;
				CLANG_WARN_RANGE_LOOP_ANALYSIS = YES;
				CLANG_WARN_STRICT_PROTOTYPES = YES;
				CLANG_WARN_SUSPICIOUS_MOVE = YES;
				CLANG_WARN_UNGUARDED_AVAILABILITY = YES_AGGRESSIVE;
				CLANG_WARN_UNREACHABLE_CODE = YES;
				CLANG_WARN__DUPLICATE_METHOD_MATCH = YES;
				COPY_PHASE_STRIP = NO;
				DEBUG_INFORMATION_FORMAT = "dwarf-with-dsym";
				ENABLE_NS_ASSERTIONS = NO;
				ENABLE_STRICT_OBJC_MSGSEND = YES;
				GCC_C_LANGUAGE_STANDARD = gnu11;
				GCC_NO_COMMON_BLOCKS = YES;
				GCC_WARN_64_TO_32_BIT_CONVERSION = YES;
				GCC_WARN_ABOUT_RETURN_TYPE = YES_ERROR;
				GCC_WARN_UNDECLARED_SELECTOR = YES;
				GCC_WARN_UNINITIALIZED_AUTOS = YES_AGGRESSIVE;
				GCC_WARN_UNUSED_FUNCTION = YES;
				GCC_WARN_UNUSED_VARIABLE = YES;
				IPHONEOS_DEPLOYMENT_TARGET = 16.2;
				MTL_ENABLE_DEBUG_INFO = NO;
				MTL_FAST_MATH = YES;
				SDKROOT = iphoneos;
				SWIFT_COMPILATION_MODE = wholemodule;
				SWIFT_OPTIMIZATION_LEVEL = "-O";
				VALIDATE_PRODUCT = YES;
			};
			name = Release;
		};
		7F28421B29A61CA5004AFA0D /* Debug */ = {
			isa = XCBuildConfiguration;
			buildSettings = {
				ASSETCATALOG_COMPILER_APPICON_NAME = AppIcon;
				ASSETCATALOG_COMPILER_GLOBAL_ACCENT_COLOR_NAME = AccentColor;
				CODE_SIGN_STYLE = Automatic;
				CURRENT_PROJECT_VERSION = 1;
				DEVELOPMENT_TEAM = 38YUTGBJ5V;
				GENERATE_INFOPLIST_FILE = YES;
				INFOPLIST_FILE = PruebaItunes/Info.plist;
				INFOPLIST_KEY_UIApplicationSupportsIndirectInputEvents = YES;
				INFOPLIST_KEY_UILaunchStoryboardName = LaunchScreen;
				INFOPLIST_KEY_UISupportedInterfaceOrientations_iPad = "UIInterfaceOrientationPortrait UIInterfaceOrientationPortraitUpsideDown UIInterfaceOrientationLandscapeLeft UIInterfaceOrientationLandscapeRight";
				INFOPLIST_KEY_UISupportedInterfaceOrientations_iPhone = "UIInterfaceOrientationPortrait UIInterfaceOrientationLandscapeLeft UIInterfaceOrientationLandscapeRight";
				LD_RUNPATH_SEARCH_PATHS = (
					"$(inherited)",
					"@executable_path/Frameworks",
				);
				MARKETING_VERSION = 1.0;
				PRODUCT_BUNDLE_IDENTIFIER = experis.PruebaItunes;
				PRODUCT_NAME = "$(TARGET_NAME)";
				SWIFT_EMIT_LOC_STRINGS = YES;
				SWIFT_VERSION = 5.0;
				TARGETED_DEVICE_FAMILY = "1,2";
			};
			name = Debug;
		};
		7F28421C29A61CA5004AFA0D /* Release */ = {
			isa = XCBuildConfiguration;
			buildSettings = {
				ASSETCATALOG_COMPILER_APPICON_NAME = AppIcon;
				ASSETCATALOG_COMPILER_GLOBAL_ACCENT_COLOR_NAME = AccentColor;
				CODE_SIGN_STYLE = Automatic;
				CURRENT_PROJECT_VERSION = 1;
				DEVELOPMENT_TEAM = 38YUTGBJ5V;
				GENERATE_INFOPLIST_FILE = YES;
				INFOPLIST_FILE = PruebaItunes/Info.plist;
				INFOPLIST_KEY_UIApplicationSupportsIndirectInputEvents = YES;
				INFOPLIST_KEY_UILaunchStoryboardName = LaunchScreen;
				INFOPLIST_KEY_UISupportedInterfaceOrientations_iPad = "UIInterfaceOrientationPortrait UIInterfaceOrientationPortraitUpsideDown UIInterfaceOrientationLandscapeLeft UIInterfaceOrientationLandscapeRight";
				INFOPLIST_KEY_UISupportedInterfaceOrientations_iPhone = "UIInterfaceOrientationPortrait UIInterfaceOrientationLandscapeLeft UIInterfaceOrientationLandscapeRight";
				LD_RUNPATH_SEARCH_PATHS = (
					"$(inherited)",
					"@executable_path/Frameworks",
				);
				MARKETING_VERSION = 1.0;
				PRODUCT_BUNDLE_IDENTIFIER = experis.PruebaItunes;
				PRODUCT_NAME = "$(TARGET_NAME)";
				SWIFT_EMIT_LOC_STRINGS = YES;
				SWIFT_VERSION = 5.0;
				TARGETED_DEVICE_FAMILY = "1,2";
			};
			name = Release;
		};
		7F28421E29A61CA5004AFA0D /* Debug */ = {
			isa = XCBuildConfiguration;
			buildSettings = {
				ALWAYS_EMBED_SWIFT_STANDARD_LIBRARIES = YES;
				BUNDLE_LOADER = "$(TEST_HOST)";
				CODE_SIGN_STYLE = Automatic;
				CURRENT_PROJECT_VERSION = 1;
				DEVELOPMENT_TEAM = 38YUTGBJ5V;
				GENERATE_INFOPLIST_FILE = YES;
				IPHONEOS_DEPLOYMENT_TARGET = 16.2;
				MARKETING_VERSION = 1.0;
				PRODUCT_BUNDLE_IDENTIFIER = experis.PruebaItunesTests;
				PRODUCT_NAME = "$(TARGET_NAME)";
				SWIFT_EMIT_LOC_STRINGS = NO;
				SWIFT_VERSION = 5.0;
				TARGETED_DEVICE_FAMILY = "1,2";
				TEST_HOST = "$(BUILT_PRODUCTS_DIR)/PruebaItunes.app/$(BUNDLE_EXECUTABLE_FOLDER_PATH)/PruebaItunes";
			};
			name = Debug;
		};
		7F28421F29A61CA5004AFA0D /* Release */ = {
			isa = XCBuildConfiguration;
			buildSettings = {
				ALWAYS_EMBED_SWIFT_STANDARD_LIBRARIES = YES;
				BUNDLE_LOADER = "$(TEST_HOST)";
				CODE_SIGN_STYLE = Automatic;
				CURRENT_PROJECT_VERSION = 1;
				DEVELOPMENT_TEAM = 38YUTGBJ5V;
				GENERATE_INFOPLIST_FILE = YES;
				IPHONEOS_DEPLOYMENT_TARGET = 16.2;
				MARKETING_VERSION = 1.0;
				PRODUCT_BUNDLE_IDENTIFIER = experis.PruebaItunesTests;
				PRODUCT_NAME = "$(TARGET_NAME)";
				SWIFT_EMIT_LOC_STRINGS = NO;
				SWIFT_VERSION = 5.0;
				TARGETED_DEVICE_FAMILY = "1,2";
				TEST_HOST = "$(BUILT_PRODUCTS_DIR)/PruebaItunes.app/$(BUNDLE_EXECUTABLE_FOLDER_PATH)/PruebaItunes";
			};
			name = Release;
		};
		7F28422129A61CA5004AFA0D /* Debug */ = {
			isa = XCBuildConfiguration;
			buildSettings = {
				ALWAYS_EMBED_SWIFT_STANDARD_LIBRARIES = YES;
				CODE_SIGN_STYLE = Automatic;
				CURRENT_PROJECT_VERSION = 1;
				DEVELOPMENT_TEAM = 38YUTGBJ5V;
				GENERATE_INFOPLIST_FILE = YES;
				MARKETING_VERSION = 1.0;
				PRODUCT_BUNDLE_IDENTIFIER = experis.PruebaItunesUITests;
				PRODUCT_NAME = "$(TARGET_NAME)";
				SWIFT_EMIT_LOC_STRINGS = NO;
				SWIFT_VERSION = 5.0;
				TARGETED_DEVICE_FAMILY = "1,2";
				TEST_TARGET_NAME = PruebaItunes;
			};
			name = Debug;
		};
		7F28422229A61CA5004AFA0D /* Release */ = {
			isa = XCBuildConfiguration;
			buildSettings = {
				ALWAYS_EMBED_SWIFT_STANDARD_LIBRARIES = YES;
				CODE_SIGN_STYLE = Automatic;
				CURRENT_PROJECT_VERSION = 1;
				DEVELOPMENT_TEAM = 38YUTGBJ5V;
				GENERATE_INFOPLIST_FILE = YES;
				MARKETING_VERSION = 1.0;
				PRODUCT_BUNDLE_IDENTIFIER = experis.PruebaItunesUITests;
				PRODUCT_NAME = "$(TARGET_NAME)";
				SWIFT_EMIT_LOC_STRINGS = NO;
				SWIFT_VERSION = 5.0;
				TARGETED_DEVICE_FAMILY = "1,2";
				TEST_TARGET_NAME = PruebaItunes;
			};
			name = Release;
		};
/* End XCBuildConfiguration section */

/* Begin XCConfigurationList section */
		7F2841EB29A61CA3004AFA0D /* Build configuration list for PBXProject "PruebaItunes" */ = {
			isa = XCConfigurationList;
			buildConfigurations = (
				7F28421829A61CA5004AFA0D /* Debug */,
				7F28421929A61CA5004AFA0D /* Release */,
			);
			defaultConfigurationIsVisible = 0;
			defaultConfigurationName = Release;
		};
		7F28421A29A61CA5004AFA0D /* Build configuration list for PBXNativeTarget "PruebaItunes" */ = {
			isa = XCConfigurationList;
			buildConfigurations = (
				7F28421B29A61CA5004AFA0D /* Debug */,
				7F28421C29A61CA5004AFA0D /* Release */,
			);
			defaultConfigurationIsVisible = 0;
			defaultConfigurationName = Release;
		};
		7F28421D29A61CA5004AFA0D /* Build configuration list for PBXNativeTarget "PruebaItunesTests" */ = {
			isa = XCConfigurationList;
			buildConfigurations = (
				7F28421E29A61CA5004AFA0D /* Debug */,
				7F28421F29A61CA5004AFA0D /* Release */,
			);
			defaultConfigurationIsVisible = 0;
			defaultConfigurationName = Release;
		};
		7F28422029A61CA5004AFA0D /* Build configuration list for PBXNativeTarget "PruebaItunesUITests" */ = {
			isa = XCConfigurationList;
			buildConfigurations = (
				7F28422129A61CA5004AFA0D /* Debug */,
				7F28422229A61CA5004AFA0D /* Release */,
			);
			defaultConfigurationIsVisible = 0;
			defaultConfigurationName = Release;
		};
/* End XCConfigurationList section */

/* Begin XCRemoteSwiftPackageReference section */
		7F3D6FDB2A164A460060FCF1 /* XCRemoteSwiftPackageReference "Alamofire" */ = {
			isa = XCRemoteSwiftPackageReference;
			repositoryURL = "https://github.com/Alamofire/Alamofire.git";
			requirement = {
				kind = upToNextMajorVersion;
				minimumVersion = 5.0.0;
			};
		};
/* End XCRemoteSwiftPackageReference section */

/* Begin XCSwiftPackageProductDependency section */
		7F3D6FDC2A164A460060FCF1 /* Alamofire */ = {
			isa = XCSwiftPackageProductDependency;
			package = 7F3D6FDB2A164A460060FCF1 /* XCRemoteSwiftPackageReference "Alamofire" */;
			productName = Alamofire;
		};
		7FDC92C22A3B240F0099952E /* Domain */ = {
			isa = XCSwiftPackageProductDependency;
			productName = Domain;
		};
/* End XCSwiftPackageProductDependency section */
	};
	rootObject = 7F2841E829A61CA3004AFA0D /* Project object */;
}
